
Microsoft Visual Studio Solution File, Format Version 12.00
# Visual Studio Version 17
VisualStudioVersion = 17.3.32922.545
MinimumVisualStudioVersion = 10.0.40219.1
Project("{FAE04EC0-301F-11D3-BF4B-00C04F79EFBC}") = "ProjectTimesheet", "ProjectTimesheet\ProjectTimesheet.csproj", "{CDDC3204-E141-4F1A-8A76-CD6CC7902501}"
EndProject
Global
	GlobalSection(SolutionConfigurationPlatforms) = preSolution
		Debug|Any CPU = Debug|Any CPU
		Release|Any CPU = Release|Any CPU
	EndGlobalSection
	GlobalSection(ProjectConfigurationPlatforms) = postSolution
		{CDDC3204-E141-4F1A-8A76-CD6CC7902501}.Debug|Any CPU.ActiveCfg = Debug|Any CPU
		{CDDC3204-E141-4F1A-8A76-CD6CC7902501}.Debug|Any CPU.Build.0 = Debug|Any CPU
		{CDDC3204-E141-4F1A-8A76-CD6CC7902501}.Release|Any CPU.ActiveCfg = Release|Any CPU
		{CDDC3204-E141-4F1A-8A76-CD6CC7902501}.Release|Any CPU.Build.0 = Release|Any CPU
	EndGlobalSection
	GlobalSection(SolutionProperties) = preSolution
		HideSolutionNode = FALSE
	EndGlobalSection
	GlobalSection(ExtensibilityGlobals) = postSolution
		SolutionGuid = {7D2F9352-75D0-4A82-A4B5-03480271FCB5}
	EndGlobalSection
EndGlobal
